
Microsoft Visual Studio Solution File, Format Version 12.00
# Visual Studio 15
VisualStudioVersion = 15.0.28307.271
MinimumVisualStudioVersion = 10.0.40219.1
Project("{FAE04EC0-301F-11D3-BF4B-00C04F79EFBC}") = "LibraryManage_Client", "LibraryManage_Client\LibraryManage_Client.csproj", "{A9578E18-BE95-4260-8255-9749ACD043F9}"
EndProject
Project("{FAE04EC0-301F-11D3-BF4B-00C04F79EFBC}") = "Model", "Model\Model.csproj", "{C2A3E94E-F4AF-4CF6-9338-1AA1D1724112}"
EndProject
Global
	GlobalSection(SolutionConfigurationPlatforms) = preSolution
		Debug|Any CPU = Debug|Any CPU
		Release|Any CPU = Release|Any CPU
	EndGlobalSection
	GlobalSection(ProjectConfigurationPlatforms) = postSolution
		{A9578E18-BE95-4260-8255-9749ACD043F9}.Debug|Any CPU.ActiveCfg = Debug|Any CPU
		{A9578E18-BE95-4260-8255-9749ACD043F9}.Debug|Any CPU.Build.0 = Debug|Any CPU
		{A9578E18-BE95-4260-8255-9749ACD043F9}.Release|Any CPU.ActiveCfg = Release|Any CPU
		{A9578E18-BE95-4260-8255-9749ACD043F9}.Release|Any CPU.Build.0 = Release|Any CPU
		{C2A3E94E-F4AF-4CF6-9338-1AA1D1724112}.Debug|Any CPU.ActiveCfg = Debug|Any CPU
		{C2A3E94E-F4AF-4CF6-9338-1AA1D1724112}.Debug|Any CPU.Build.0 = Debug|Any CPU
		{C2A3E94E-F4AF-4CF6-9338-1AA1D1724112}.Release|Any CPU.ActiveCfg = Release|Any CPU
		{C2A3E94E-F4AF-4CF6-9338-1AA1D1724112}.Release|Any CPU.Build.0 = Release|Any CPU
	EndGlobalSection
	GlobalSection(SolutionProperties) = preSolution
		HideSolutionNode = FALSE
	EndGlobalSection
	GlobalSection(ExtensibilityGlobals) = postSolution
		SolutionGuid = {38465FB8-A074-4F34-8EA4-74A5F414D528}
	EndGlobalSection
EndGlobal
